// !$*UTF8*$!
{
	archiveVersion = 1;
	classes = {
	};
	objectVersion = 46;
	objects = {

/* Begin PBXBuildFile section */
		03B2B0641AA91DFC05E60AFF /* libPods.a in Frameworks */ = {isa = PBXBuildFile; fileRef = A420F08D7B40584C4B1F7158 /* libPods.a */; };
		539B4E841AC3F1060042F6C4 /* page_map.plist in Resources */ = {isa = PBXBuildFile; fileRef = 539B4E831AC3F1060042F6C4 /* page_map.plist */; };
		539B4FA91AC413870042F6C4 /* TTSignViewController.m in Sources */ = {isa = PBXBuildFile; fileRef = 539B4FA81AC413870042F6C4 /* TTSignViewController.m */; };
		539B4FAC1AC413DD0042F6C4 /* TTSignNavigationController.m in Sources */ = {isa = PBXBuildFile; fileRef = 539B4FAB1AC413DD0042F6C4 /* TTSignNavigationController.m */; };
		539B4FB01AC414170042F6C4 /* TTSettingNavigationController.m in Sources */ = {isa = PBXBuildFile; fileRef = 539B4FAF1AC414170042F6C4 /* TTSettingNavigationController.m */; };
		539B4FB31AC414350042F6C4 /* TTSettingViewController.m in Sources */ = {isa = PBXBuildFile; fileRef = 539B4FB21AC414350042F6C4 /* TTSettingViewController.m */; };
		539B4FB61AC414490042F6C4 /* TTSessionViewController.m in Sources */ = {isa = PBXBuildFile; fileRef = 539B4FB51AC414490042F6C4 /* TTSessionViewController.m */; };
		539B4FB91AC4146C0042F6C4 /* TTFriendViewController.m in Sources */ = {isa = PBXBuildFile; fileRef = 539B4FB81AC4146C0042F6C4 /* TTFriendViewController.m */; };
		539B4FBC1AC414790042F6C4 /* TTChatViewController.m in Sources */ = {isa = PBXBuildFile; fileRef = 539B4FBB1AC414790042F6C4 /* TTChatViewController.m */; };
		539B4FBF1AC414980042F6C4 /* TTFriendNavigationController.m in Sources */ = {isa = PBXBuildFile; fileRef = 539B4FBE1AC414980042F6C4 /* TTFriendNavigationController.m */; };
		539B4FC21AC414B00042F6C4 /* TTSessionNavigationController.m in Sources */ = {isa = PBXBuildFile; fileRef = 539B4FC11AC414B00042F6C4 /* TTSessionNavigationController.m */; };
		539B4FC61AC4153F0042F6C4 /* TTHomeViewController.m in Sources */ = {isa = PBXBuildFile; fileRef = 539B4FC51AC4153F0042F6C4 /* TTHomeViewController.m */; };
		539B4FC91AC416CA0042F6C4 /* TTPersonViewController.m in Sources */ = {isa = PBXBuildFile; fileRef = 539B4FC81AC416CA0042F6C4 /* TTPersonViewController.m */; };
		539B4FD11AC418BC0042F6C4 /* TTUserCenter.m in Sources */ = {isa = PBXBuildFile; fileRef = 539B4FD01AC418BC0042F6C4 /* TTUserCenter.m */; };
		539B4FD71AC4441F0042F6C4 /* SSNRouter+Category.m in Sources */ = {isa = PBXBuildFile; fileRef = 539B4FD61AC4441F0042F6C4 /* SSNRouter+Category.m */; };
		53CAAC441AC57F880012742A /* TTURLDispatcher.m in Sources */ = {isa = PBXBuildFile; fileRef = 53CAAC431AC57F880012742A /* TTURLDispatcher.m */; };
		53CAAC4A1AC584700012742A /* TTCell.m in Sources */ = {isa = PBXBuildFile; fileRef = 53CAAC491AC584700012742A /* TTCell.m */; };
		53CAAC4E1AC585C90012742A /* UIColor+TTUIDIC.m in Sources */ = {isa = PBXBuildFile; fileRef = 53CAAC4D1AC585C90012742A /* UIColor+TTUIDIC.m */; };
		53CAAC511AC58CC10012742A /* UIImageView+TTUIDIC.m in Sources */ = {isa = PBXBuildFile; fileRef = 53CAAC501AC58CC10012742A /* UIImageView+TTUIDIC.m */; };
		53CAAC541AC58D440012742A /* UIScreen+TTUIDIC.m in Sources */ = {isa = PBXBuildFile; fileRef = 53CAAC531AC58D440012742A /* UIScreen+TTUIDIC.m */; };
		53CAAC581AC59F090012742A /* TTSectionCell.m in Sources */ = {isa = PBXBuildFile; fileRef = 53CAAC571AC59F090012742A /* TTSectionCell.m */; };
		53CAAC5B1AC5A4970012742A /* UIFont+TTUIDIC.m in Sources */ = {isa = PBXBuildFile; fileRef = 53CAAC5A1AC5A4970012742A /* UIFont+TTUIDIC.m */; };
		53CAAC5E1AC5A6FD0012742A /* TTLabel.m in Sources */ = {isa = PBXBuildFile; fileRef = 53CAAC5D1AC5A6FD0012742A /* TTLabel.m */; };
		53CAAC621AC5AE3D0012742A /* TTSettingCell.m in Sources */ = {isa = PBXBuildFile; fileRef = 53CAAC611AC5AE3D0012742A /* TTSettingCell.m */; };
		53CAACE71AC65A6B0012742A /* TTWindow.m in Sources */ = {isa = PBXBuildFile; fileRef = 53CAACE61AC65A6B0012742A /* TTWindow.m */; };
		53CAACEA1AC664500012742A /* UITextField+TTUIDIC.m in Sources */ = {isa = PBXBuildFile; fileRef = 53CAACE91AC664500012742A /* UITextField+TTUIDIC.m */; };
		53CAACEF1AC67C230012742A /* icon_visible_password_normal@2x.png in Resources */ = {isa = PBXBuildFile; fileRef = 53CAACED1AC67C230012742A /* icon_visible_password_normal@2x.png */; };
		53CAACF01AC67C230012742A /* icon_visible_password_selected@2x.png in Resources */ = {isa = PBXBuildFile; fileRef = 53CAACEE1AC67C230012742A /* icon_visible_password_selected@2x.png */; };
		53CAACF31AC67C510012742A /* UIButton+TTUIDIC.m in Sources */ = {isa = PBXBuildFile; fileRef = 53CAACF21AC67C510012742A /* UIButton+TTUIDIC.m */; };
		53CAACF71AC689550012742A /* UIViewController+TTUtil.m in Sources */ = {isa = PBXBuildFile; fileRef = 53CAACF61AC689550012742A /* UIViewController+TTUtil.m */; };
		53CAACF91AC68C1C0012742A /* nav_back@2x.png in Resources */ = {isa = PBXBuildFile; fileRef = 53CAACF81AC68C1C0012742A /* nav_back@2x.png */; };
		53FC6E371AC39FFF0027622A /* main.m in Sources */ = {isa = PBXBuildFile; fileRef = 53FC6E361AC39FFF0027622A /* main.m */; };
		53FC6E3A1AC39FFF0027622A /* AppDelegate.m in Sources */ = {isa = PBXBuildFile; fileRef = 53FC6E391AC39FFF0027622A /* AppDelegate.m */; };
		53FC6E421AC39FFF0027622A /* Images.xcassets in Resources */ = {isa = PBXBuildFile; fileRef = 53FC6E411AC39FFF0027622A /* Images.xcassets */; };
		53FC6E511AC39FFF0027622A /* tentacleTests.m in Sources */ = {isa = PBXBuildFile; fileRef = 53FC6E501AC39FFF0027622A /* tentacleTests.m */; };
		6E2D207140DAA59895B1890E /* libPods.a in Frameworks */ = {isa = PBXBuildFile; fileRef = A420F08D7B40584C4B1F7158 /* libPods.a */; };
/* End PBXBuildFile section */

/* Begin PBXContainerItemProxy section */
		53FC6E4B1AC39FFF0027622A /* PBXContainerItemProxy */ = {
			isa = PBXContainerItemProxy;
			containerPortal = 53FC6E291AC39FFF0027622A /* Project object */;
			proxyType = 1;
			remoteGlobalIDString = 53FC6E301AC39FFF0027622A;
			remoteInfo = tentacle;
		};
/* End PBXContainerItemProxy section */

/* Begin PBXFileReference section */
		539B4E831AC3F1060042F6C4 /* page_map.plist */ = {isa = PBXFileReference; lastKnownFileType = text.plist; path = page_map.plist; sourceTree = "<group>"; };
		539B4FA71AC413870042F6C4 /* TTSignViewController.h */ = {isa = PBXFileReference; fileEncoding = 4; lastKnownFileType = sourcecode.c.h; path = TTSignViewController.h; sourceTree = "<group>"; };
		539B4FA81AC413870042F6C4 /* TTSignViewController.m */ = {isa = PBXFileReference; fileEncoding = 4; lastKnownFileType = sourcecode.c.objc; path = TTSignViewController.m; sourceTree = "<group>"; };
		539B4FAA1AC413DD0042F6C4 /* TTSignNavigationController.h */ = {isa = PBXFileReference; fileEncoding = 4; lastKnownFileType = sourcecode.c.h; path = TTSignNavigationController.h; sourceTree = "<group>"; };
		539B4FAB1AC413DD0042F6C4 /* TTSignNavigationController.m */ = {isa = PBXFileReference; fileEncoding = 4; lastKnownFileType = sourcecode.c.objc; path = TTSignNavigationController.m; sourceTree = "<group>"; };
		539B4FAE1AC414170042F6C4 /* TTSettingNavigationController.h */ = {isa = PBXFileReference; fileEncoding = 4; lastKnownFileType = sourcecode.c.h; path = TTSettingNavigationController.h; sourceTree = "<group>"; };
		539B4FAF1AC414170042F6C4 /* TTSettingNavigationController.m */ = {isa = PBXFileReference; fileEncoding = 4; lastKnownFileType = sourcecode.c.objc; path = TTSettingNavigationController.m; sourceTree = "<group>"; };
		539B4FB11AC414350042F6C4 /* TTSettingViewController.h */ = {isa = PBXFileReference; fileEncoding = 4; lastKnownFileType = sourcecode.c.h; path = TTSettingViewController.h; sourceTree = "<group>"; };
		539B4FB21AC414350042F6C4 /* TTSettingViewController.m */ = {isa = PBXFileReference; fileEncoding = 4; lastKnownFileType = sourcecode.c.objc; path = TTSettingViewController.m; sourceTree = "<group>"; };
		539B4FB41AC414490042F6C4 /* TTSessionViewController.h */ = {isa = PBXFileReference; fileEncoding = 4; lastKnownFileType = sourcecode.c.h; path = TTSessionViewController.h; sourceTree = "<group>"; };
		539B4FB51AC414490042F6C4 /* TTSessionViewController.m */ = {isa = PBXFileReference; fileEncoding = 4; lastKnownFileType = sourcecode.c.objc; path = TTSessionViewController.m; sourceTree = "<group>"; };
		539B4FB71AC4146C0042F6C4 /* TTFriendViewController.h */ = {isa = PBXFileReference; fileEncoding = 4; lastKnownFileType = sourcecode.c.h; path = TTFriendViewController.h; sourceTree = "<group>"; };
		539B4FB81AC4146C0042F6C4 /* TTFriendViewController.m */ = {isa = PBXFileReference; fileEncoding = 4; lastKnownFileType = sourcecode.c.objc; path = TTFriendViewController.m; sourceTree = "<group>"; };
		539B4FBA1AC414790042F6C4 /* TTChatViewController.h */ = {isa = PBXFileReference; fileEncoding = 4; lastKnownFileType = sourcecode.c.h; path = TTChatViewController.h; sourceTree = "<group>"; };
		539B4FBB1AC414790042F6C4 /* TTChatViewController.m */ = {isa = PBXFileReference; fileEncoding = 4; lastKnownFileType = sourcecode.c.objc; path = TTChatViewController.m; sourceTree = "<group>"; };
		539B4FBD1AC414980042F6C4 /* TTFriendNavigationController.h */ = {isa = PBXFileReference; fileEncoding = 4; lastKnownFileType = sourcecode.c.h; path = TTFriendNavigationController.h; sourceTree = "<group>"; };
		539B4FBE1AC414980042F6C4 /* TTFriendNavigationController.m */ = {isa = PBXFileReference; fileEncoding = 4; lastKnownFileType = sourcecode.c.objc; path = TTFriendNavigationController.m; sourceTree = "<group>"; };
		539B4FC01AC414B00042F6C4 /* TTSessionNavigationController.h */ = {isa = PBXFileReference; fileEncoding = 4; lastKnownFileType = sourcecode.c.h; path = TTSessionNavigationController.h; sourceTree = "<group>"; };
		539B4FC11AC414B00042F6C4 /* TTSessionNavigationController.m */ = {isa = PBXFileReference; fileEncoding = 4; lastKnownFileType = sourcecode.c.objc; path = TTSessionNavigationController.m; sourceTree = "<group>"; };
		539B4FC41AC4153F0042F6C4 /* TTHomeViewController.h */ = {isa = PBXFileReference; fileEncoding = 4; lastKnownFileType = sourcecode.c.h; path = TTHomeViewController.h; sourceTree = "<group>"; };
		539B4FC51AC4153F0042F6C4 /* TTHomeViewController.m */ = {isa = PBXFileReference; fileEncoding = 4; lastKnownFileType = sourcecode.c.objc; path = TTHomeViewController.m; sourceTree = "<group>"; };
		539B4FC71AC416CA0042F6C4 /* TTPersonViewController.h */ = {isa = PBXFileReference; fileEncoding = 4; lastKnownFileType = sourcecode.c.h; path = TTPersonViewController.h; sourceTree = "<group>"; };
		539B4FC81AC416CA0042F6C4 /* TTPersonViewController.m */ = {isa = PBXFileReference; fileEncoding = 4; lastKnownFileType = sourcecode.c.objc; path = TTPersonViewController.m; sourceTree = "<group>"; };
		539B4FCF1AC418BC0042F6C4 /* TTUserCenter.h */ = {isa = PBXFileReference; fileEncoding = 4; lastKnownFileType = sourcecode.c.h; path = TTUserCenter.h; sourceTree = "<group>"; };
		539B4FD01AC418BC0042F6C4 /* TTUserCenter.m */ = {isa = PBXFileReference; fileEncoding = 4; lastKnownFileType = sourcecode.c.objc; path = TTUserCenter.m; sourceTree = "<group>"; };
		539B4FD51AC4441F0042F6C4 /* SSNRouter+Category.h */ = {isa = PBXFileReference; fileEncoding = 4; lastKnownFileType = sourcecode.c.h; path = "SSNRouter+Category.h"; sourceTree = "<group>"; };
		539B4FD61AC4441F0042F6C4 /* SSNRouter+Category.m */ = {isa = PBXFileReference; fileEncoding = 4; lastKnownFileType = sourcecode.c.objc; path = "SSNRouter+Category.m"; sourceTree = "<group>"; };
		539B4FD91AC44A810042F6C4 /* tentacle-Prefix.pch */ = {isa = PBXFileReference; fileEncoding = 4; lastKnownFileType = sourcecode.c.h; path = "tentacle-Prefix.pch"; sourceTree = "<group>"; };
		53CAAC421AC57F880012742A /* TTURLDispatcher.h */ = {isa = PBXFileReference; fileEncoding = 4; lastKnownFileType = sourcecode.c.h; path = TTURLDispatcher.h; sourceTree = "<group>"; };
		53CAAC431AC57F880012742A /* TTURLDispatcher.m */ = {isa = PBXFileReference; fileEncoding = 4; lastKnownFileType = sourcecode.c.objc; path = TTURLDispatcher.m; sourceTree = "<group>"; };
		53CAAC481AC584700012742A /* TTCell.h */ = {isa = PBXFileReference; fileEncoding = 4; lastKnownFileType = sourcecode.c.h; path = TTCell.h; sourceTree = "<group>"; };
		53CAAC491AC584700012742A /* TTCell.m */ = {isa = PBXFileReference; fileEncoding = 4; lastKnownFileType = sourcecode.c.objc; path = TTCell.m; sourceTree = "<group>"; };
		53CAAC4C1AC585C90012742A /* UIColor+TTUIDIC.h */ = {isa = PBXFileReference; fileEncoding = 4; lastKnownFileType = sourcecode.c.h; path = "UIColor+TTUIDIC.h"; sourceTree = "<group>"; };
		53CAAC4D1AC585C90012742A /* UIColor+TTUIDIC.m */ = {isa = PBXFileReference; fileEncoding = 4; lastKnownFileType = sourcecode.c.objc; path = "UIColor+TTUIDIC.m"; sourceTree = "<group>"; };
		53CAAC4F1AC58CC10012742A /* UIImageView+TTUIDIC.h */ = {isa = PBXFileReference; fileEncoding = 4; lastKnownFileType = sourcecode.c.h; path = "UIImageView+TTUIDIC.h"; sourceTree = "<group>"; };
		53CAAC501AC58CC10012742A /* UIImageView+TTUIDIC.m */ = {isa = PBXFileReference; fileEncoding = 4; lastKnownFileType = sourcecode.c.objc; path = "UIImageView+TTUIDIC.m"; sourceTree = "<group>"; };
		53CAAC521AC58D440012742A /* UIScreen+TTUIDIC.h */ = {isa = PBXFileReference; fileEncoding = 4; lastKnownFileType = sourcecode.c.h; path = "UIScreen+TTUIDIC.h"; sourceTree = "<group>"; };
		53CAAC531AC58D440012742A /* UIScreen+TTUIDIC.m */ = {isa = PBXFileReference; fileEncoding = 4; lastKnownFileType = sourcecode.c.objc; path = "UIScreen+TTUIDIC.m"; sourceTree = "<group>"; };
		53CAAC551AC5982F0012742A /* TTUIDIC.h */ = {isa = PBXFileReference; lastKnownFileType = sourcecode.c.h; path = TTUIDIC.h; sourceTree = "<group>"; };
		53CAAC561AC59F090012742A /* TTSectionCell.h */ = {isa = PBXFileReference; fileEncoding = 4; lastKnownFileType = sourcecode.c.h; path = TTSectionCell.h; sourceTree = "<group>"; };
		53CAAC571AC59F090012742A /* TTSectionCell.m */ = {isa = PBXFileReference; fileEncoding = 4; lastKnownFileType = sourcecode.c.objc; path = TTSectionCell.m; sourceTree = "<group>"; };
		53CAAC591AC5A4970012742A /* UIFont+TTUIDIC.h */ = {isa = PBXFileReference; fileEncoding = 4; lastKnownFileType = sourcecode.c.h; path = "UIFont+TTUIDIC.h"; sourceTree = "<group>"; };
		53CAAC5A1AC5A4970012742A /* UIFont+TTUIDIC.m */ = {isa = PBXFileReference; fileEncoding = 4; lastKnownFileType = sourcecode.c.objc; path = "UIFont+TTUIDIC.m"; sourceTree = "<group>"; };
		53CAAC5C1AC5A6FD0012742A /* TTLabel.h */ = {isa = PBXFileReference; fileEncoding = 4; lastKnownFileType = sourcecode.c.h; path = TTLabel.h; sourceTree = "<group>"; };
		53CAAC5D1AC5A6FD0012742A /* TTLabel.m */ = {isa = PBXFileReference; fileEncoding = 4; lastKnownFileType = sourcecode.c.objc; path = TTLabel.m; sourceTree = "<group>"; };
		53CAAC601AC5AE3D0012742A /* TTSettingCell.h */ = {isa = PBXFileReference; fileEncoding = 4; lastKnownFileType = sourcecode.c.h; path = TTSettingCell.h; sourceTree = "<group>"; };
		53CAAC611AC5AE3D0012742A /* TTSettingCell.m */ = {isa = PBXFileReference; fileEncoding = 4; lastKnownFileType = sourcecode.c.objc; path = TTSettingCell.m; sourceTree = "<group>"; };
		53CAACE51AC65A6B0012742A /* TTWindow.h */ = {isa = PBXFileReference; fileEncoding = 4; lastKnownFileType = sourcecode.c.h; path = TTWindow.h; sourceTree = "<group>"; };
		53CAACE61AC65A6B0012742A /* TTWindow.m */ = {isa = PBXFileReference; fileEncoding = 4; lastKnownFileType = sourcecode.c.objc; path = TTWindow.m; sourceTree = "<group>"; };
		53CAACE81AC664500012742A /* UITextField+TTUIDIC.h */ = {isa = PBXFileReference; fileEncoding = 4; lastKnownFileType = sourcecode.c.h; path = "UITextField+TTUIDIC.h"; sourceTree = "<group>"; };
		53CAACE91AC664500012742A /* UITextField+TTUIDIC.m */ = {isa = PBXFileReference; fileEncoding = 4; lastKnownFileType = sourcecode.c.objc; path = "UITextField+TTUIDIC.m"; sourceTree = "<group>"; };
		53CAACED1AC67C230012742A /* icon_visible_password_normal@2x.png */ = {isa = PBXFileReference; lastKnownFileType = image.png; path = "icon_visible_password_normal@2x.png"; sourceTree = "<group>"; };
		53CAACEE1AC67C230012742A /* icon_visible_password_selected@2x.png */ = {isa = PBXFileReference; lastKnownFileType = image.png; path = "icon_visible_password_selected@2x.png"; sourceTree = "<group>"; };
		53CAACF11AC67C510012742A /* UIButton+TTUIDIC.h */ = {isa = PBXFileReference; fileEncoding = 4; lastKnownFileType = sourcecode.c.h; path = "UIButton+TTUIDIC.h"; sourceTree = "<group>"; };
		53CAACF21AC67C510012742A /* UIButton+TTUIDIC.m */ = {isa = PBXFileReference; fileEncoding = 4; lastKnownFileType = sourcecode.c.objc; path = "UIButton+TTUIDIC.m"; sourceTree = "<group>"; };
		53CAACF51AC689550012742A /* UIViewController+TTUtil.h */ = {isa = PBXFileReference; fileEncoding = 4; lastKnownFileType = sourcecode.c.h; path = "UIViewController+TTUtil.h"; sourceTree = "<group>"; };
		53CAACF61AC689550012742A /* UIViewController+TTUtil.m */ = {isa = PBXFileReference; fileEncoding = 4; lastKnownFileType = sourcecode.c.objc; path = "UIViewController+TTUtil.m"; sourceTree = "<group>"; };
		53CAACF81AC68C1C0012742A /* nav_back@2x.png */ = {isa = PBXFileReference; lastKnownFileType = image.png; path = "nav_back@2x.png"; sourceTree = "<group>"; };
		53FC6E311AC39FFF0027622A /* tentacle.app */ = {isa = PBXFileReference; explicitFileType = wrapper.application; includeInIndex = 0; path = tentacle.app; sourceTree = BUILT_PRODUCTS_DIR; };
		53FC6E351AC39FFF0027622A /* Info.plist */ = {isa = PBXFileReference; lastKnownFileType = text.plist.xml; path = Info.plist; sourceTree = "<group>"; };
		53FC6E361AC39FFF0027622A /* main.m */ = {isa = PBXFileReference; lastKnownFileType = sourcecode.c.objc; path = main.m; sourceTree = "<group>"; };
		53FC6E381AC39FFF0027622A /* AppDelegate.h */ = {isa = PBXFileReference; lastKnownFileType = sourcecode.c.h; path = AppDelegate.h; sourceTree = "<group>"; };
		53FC6E391AC39FFF0027622A /* AppDelegate.m */ = {isa = PBXFileReference; lastKnownFileType = sourcecode.c.objc; path = AppDelegate.m; sourceTree = "<group>"; };
		53FC6E411AC39FFF0027622A /* Images.xcassets */ = {isa = PBXFileReference; lastKnownFileType = folder.assetcatalog; path = Images.xcassets; sourceTree = "<group>"; };
		53FC6E4A1AC39FFF0027622A /* tentacleTests.xctest */ = {isa = PBXFileReference; explicitFileType = wrapper.cfbundle; includeInIndex = 0; path = tentacleTests.xctest; sourceTree = BUILT_PRODUCTS_DIR; };
		53FC6E4F1AC39FFF0027622A /* Info.plist */ = {isa = PBXFileReference; lastKnownFileType = text.plist.xml; path = Info.plist; sourceTree = "<group>"; };
		53FC6E501AC39FFF0027622A /* tentacleTests.m */ = {isa = PBXFileReference; lastKnownFileType = sourcecode.c.objc; path = tentacleTests.m; sourceTree = "<group>"; };
		9DF9D8DACA8907865183BBE6 /* Pods.release.xcconfig */ = {isa = PBXFileReference; includeInIndex = 1; lastKnownFileType = text.xcconfig; name = Pods.release.xcconfig; path = "Pods/Target Support Files/Pods/Pods.release.xcconfig"; sourceTree = "<group>"; };
		A420F08D7B40584C4B1F7158 /* libPods.a */ = {isa = PBXFileReference; explicitFileType = archive.ar; includeInIndex = 0; path = libPods.a; sourceTree = BUILT_PRODUCTS_DIR; };
		B38EA1EDAF63E00FE2BDE930 /* Pods.debug.xcconfig */ = {isa = PBXFileReference; includeInIndex = 1; lastKnownFileType = text.xcconfig; name = Pods.debug.xcconfig; path = "Pods/Target Support Files/Pods/Pods.debug.xcconfig"; sourceTree = "<group>"; };
/* End PBXFileReference section */

/* Begin PBXFrameworksBuildPhase section */
		53FC6E2E1AC39FFF0027622A /* Frameworks */ = {
			isa = PBXFrameworksBuildPhase;
			buildActionMask = 2147483647;
			files = (
				6E2D207140DAA59895B1890E /* libPods.a in Frameworks */,
			);
			runOnlyForDeploymentPostprocessing = 0;
		};
		53FC6E471AC39FFF0027622A /* Frameworks */ = {
			isa = PBXFrameworksBuildPhase;
			buildActionMask = 2147483647;
			files = (
				03B2B0641AA91DFC05E60AFF /* libPods.a in Frameworks */,
			);
			runOnlyForDeploymentPostprocessing = 0;
		};
/* End PBXFrameworksBuildPhase section */

/* Begin PBXGroup section */
		413DABB4EEDC81593652A4FB /* Frameworks */ = {
			isa = PBXGroup;
			children = (
				A420F08D7B40584C4B1F7158 /* libPods.a */,
			);
			name = Frameworks;
			sourceTree = "<group>";
		};
		539B4E821AC3F0E30042F6C4 /* config */ = {
			isa = PBXGroup;
			children = (
				539B4E831AC3F1060042F6C4 /* page_map.plist */,
			);
			path = config;
			sourceTree = "<group>";
		};
		539B4E851AC3F2310042F6C4 /* pages */ = {
			isa = PBXGroup;
			children = (
				539B4FC31AC415190042F6C4 /* home */,
				539B4FAD1AC413FA0042F6C4 /* chat */,
				539B4E861AC3F2D10042F6C4 /* friend */,
				539B4E871AC3F2D10042F6C4 /* session */,
				539B4E881AC3F2D10042F6C4 /* setting */,
				539B4E891AC3F2D10042F6C4 /* sign */,
				539B4FD51AC4441F0042F6C4 /* SSNRouter+Category.h */,
				539B4FD61AC4441F0042F6C4 /* SSNRouter+Category.m */,
				53CAAC421AC57F880012742A /* TTURLDispatcher.h */,
				53CAAC431AC57F880012742A /* TTURLDispatcher.m */,
			);
			path = pages;
			sourceTree = "<group>";
		};
		539B4E861AC3F2D10042F6C4 /* friend */ = {
			isa = PBXGroup;
			children = (
				539B4FB71AC4146C0042F6C4 /* TTFriendViewController.h */,
				539B4FB81AC4146C0042F6C4 /* TTFriendViewController.m */,
				539B4FBD1AC414980042F6C4 /* TTFriendNavigationController.h */,
				539B4FBE1AC414980042F6C4 /* TTFriendNavigationController.m */,
				539B4FC71AC416CA0042F6C4 /* TTPersonViewController.h */,
				539B4FC81AC416CA0042F6C4 /* TTPersonViewController.m */,
			);
			path = friend;
			sourceTree = "<group>";
		};
		539B4E871AC3F2D10042F6C4 /* session */ = {
			isa = PBXGroup;
			children = (
				539B4FB41AC414490042F6C4 /* TTSessionViewController.h */,
				539B4FB51AC414490042F6C4 /* TTSessionViewController.m */,
				539B4FC01AC414B00042F6C4 /* TTSessionNavigationController.h */,
				539B4FC11AC414B00042F6C4 /* TTSessionNavigationController.m */,
			);
			path = session;
			sourceTree = "<group>";
		};
		539B4E881AC3F2D10042F6C4 /* setting */ = {
			isa = PBXGroup;
			children = (
				539B4FAE1AC414170042F6C4 /* TTSettingNavigationController.h */,
				539B4FAF1AC414170042F6C4 /* TTSettingNavigationController.m */,
				539B4FB11AC414350042F6C4 /* TTSettingViewController.h */,
				539B4FB21AC414350042F6C4 /* TTSettingViewController.m */,
			);
			path = setting;
			sourceTree = "<group>";
		};
		539B4E891AC3F2D10042F6C4 /* sign */ = {
			isa = PBXGroup;
			children = (
				539B4FA71AC413870042F6C4 /* TTSignViewController.h */,
				539B4FA81AC413870042F6C4 /* TTSignViewController.m */,
				539B4FAA1AC413DD0042F6C4 /* TTSignNavigationController.h */,
				539B4FAB1AC413DD0042F6C4 /* TTSignNavigationController.m */,
			);
			path = sign;
			sourceTree = "<group>";
		};
		539B4FAD1AC413FA0042F6C4 /* chat */ = {
			isa = PBXGroup;
			children = (
				539B4FBA1AC414790042F6C4 /* TTChatViewController.h */,
				539B4FBB1AC414790042F6C4 /* TTChatViewController.m */,
			);
			path = chat;
			sourceTree = "<group>";
		};
		539B4FC31AC415190042F6C4 /* home */ = {
			isa = PBXGroup;
			children = (
				539B4FC41AC4153F0042F6C4 /* TTHomeViewController.h */,
				539B4FC51AC4153F0042F6C4 /* TTHomeViewController.m */,
			);
			path = home;
			sourceTree = "<group>";
		};
		539B4FCA1AC417ED0042F6C4 /* biz */ = {
			isa = PBXGroup;
			children = (
				539B4FCB1AC4180A0042F6C4 /* sign */,
			);
			path = biz;
			sourceTree = "<group>";
		};
		539B4FCB1AC4180A0042F6C4 /* sign */ = {
			isa = PBXGroup;
			children = (
				539B4FCF1AC418BC0042F6C4 /* TTUserCenter.h */,
				539B4FD01AC418BC0042F6C4 /* TTUserCenter.m */,
			);
			path = sign;
			sourceTree = "<group>";
		};
		53CAAC451AC5813A0012742A /* views */ = {
			isa = PBXGroup;
			children = (
				53CAACE41AC65A490012742A /* window */,
				53CAAC4B1AC5857A0012742A /* uidic */,
				53CAAC461AC5832F0012742A /* cells */,
			);
			path = views;
			sourceTree = "<group>";
		};
		53CAAC461AC5832F0012742A /* cells */ = {
			isa = PBXGroup;
			children = (
				53CAAC5F1AC5AE260012742A /* setting */,
				53CAAC471AC5832F0012742A /* base */,
			);
			path = cells;
			sourceTree = "<group>";
		};
		53CAAC471AC5832F0012742A /* base */ = {
			isa = PBXGroup;
			children = (
				53CAAC481AC584700012742A /* TTCell.h */,
				53CAAC491AC584700012742A /* TTCell.m */,
				53CAAC561AC59F090012742A /* TTSectionCell.h */,
				53CAAC571AC59F090012742A /* TTSectionCell.m */,
			);
			path = base;
			sourceTree = "<group>";
		};
		53CAAC4B1AC5857A0012742A /* uidic */ = {
			isa = PBXGroup;
			children = (
				53CAAC4C1AC585C90012742A /* UIColor+TTUIDIC.h */,
				53CAAC4D1AC585C90012742A /* UIColor+TTUIDIC.m */,
				53CAAC4F1AC58CC10012742A /* UIImageView+TTUIDIC.h */,
				53CAAC501AC58CC10012742A /* UIImageView+TTUIDIC.m */,
				53CAAC521AC58D440012742A /* UIScreen+TTUIDIC.h */,
				53CAAC531AC58D440012742A /* UIScreen+TTUIDIC.m */,
				53CAAC551AC5982F0012742A /* TTUIDIC.h */,
				53CAAC591AC5A4970012742A /* UIFont+TTUIDIC.h */,
				53CAAC5A1AC5A4970012742A /* UIFont+TTUIDIC.m */,
				53CAAC5C1AC5A6FD0012742A /* TTLabel.h */,
				53CAAC5D1AC5A6FD0012742A /* TTLabel.m */,
				53CAACE81AC664500012742A /* UITextField+TTUIDIC.h */,
				53CAACE91AC664500012742A /* UITextField+TTUIDIC.m */,
				53CAACF11AC67C510012742A /* UIButton+TTUIDIC.h */,
				53CAACF21AC67C510012742A /* UIButton+TTUIDIC.m */,
			);
			path = uidic;
			sourceTree = "<group>";
		};
		53CAAC5F1AC5AE260012742A /* setting */ = {
			isa = PBXGroup;
			children = (
				53CAAC601AC5AE3D0012742A /* TTSettingCell.h */,
				53CAAC611AC5AE3D0012742A /* TTSettingCell.m */,
			);
			path = setting;
			sourceTree = "<group>";
		};
		53CAACE41AC65A490012742A /* window */ = {
			isa = PBXGroup;
			children = (
				53CAACE51AC65A6B0012742A /* TTWindow.h */,
				53CAACE61AC65A6B0012742A /* TTWindow.m */,
			);
			path = window;
			sourceTree = "<group>";
		};
		53CAACEB1AC67C230012742A /* images */ = {
			isa = PBXGroup;
			children = (
				53CAACEC1AC67C230012742A /* com */,
			);
			path = images;
			sourceTree = "<group>";
		};
		53CAACEC1AC67C230012742A /* com */ = {
			isa = PBXGroup;
			children = (
				53CAACF81AC68C1C0012742A /* nav_back@2x.png */,
				53CAACED1AC67C230012742A /* icon_visible_password_normal@2x.png */,
				53CAACEE1AC67C230012742A /* icon_visible_password_selected@2x.png */,
			);
			path = com;
			sourceTree = "<group>";
		};
		53CAACF41AC688E80012742A /* util */ = {
			isa = PBXGroup;
			children = (
				53CAACF51AC689550012742A /* UIViewController+TTUtil.h */,
				53CAACF61AC689550012742A /* UIViewController+TTUtil.m */,
			);
			path = util;
			sourceTree = "<group>";
		};
		53FC6E281AC39FFF0027622A = {
			isa = PBXGroup;
			children = (
				53FC6E331AC39FFF0027622A /* tentacle */,
				53FC6E4D1AC39FFF0027622A /* tentacleTests */,
				53FC6E321AC39FFF0027622A /* Products */,
				8F00A1DD6B6C34669DF8006F /* Pods */,
				413DABB4EEDC81593652A4FB /* Frameworks */,
			);
			sourceTree = "<group>";
		};
		53FC6E321AC39FFF0027622A /* Products */ = {
			isa = PBXGroup;
			children = (
				53FC6E311AC39FFF0027622A /* tentacle.app */,
				53FC6E4A1AC39FFF0027622A /* tentacleTests.xctest */,
			);
			name = Products;
			sourceTree = "<group>";
		};
		53FC6E331AC39FFF0027622A /* tentacle */ = {
			isa = PBXGroup;
			children = (
				53CAACF41AC688E80012742A /* util */,
				53CAACEB1AC67C230012742A /* images */,
				53CAAC451AC5813A0012742A /* views */,
				539B4FCA1AC417ED0042F6C4 /* biz */,
				539B4E851AC3F2310042F6C4 /* pages */,
				539B4E821AC3F0E30042F6C4 /* config */,
				53FC6E381AC39FFF0027622A /* AppDelegate.h */,
				53FC6E391AC39FFF0027622A /* AppDelegate.m */,
				53FC6E411AC39FFF0027622A /* Images.xcassets */,
				53FC6E341AC39FFF0027622A /* Supporting Files */,
			);
			path = tentacle;
			sourceTree = "<group>";
		};
		53FC6E341AC39FFF0027622A /* Supporting Files */ = {
			isa = PBXGroup;
			children = (
				539B4FD91AC44A810042F6C4 /* tentacle-Prefix.pch */,
				53FC6E351AC39FFF0027622A /* Info.plist */,
				53FC6E361AC39FFF0027622A /* main.m */,
			);
			name = "Supporting Files";
			sourceTree = "<group>";
		};
		53FC6E4D1AC39FFF0027622A /* tentacleTests */ = {
			isa = PBXGroup;
			children = (
				53FC6E501AC39FFF0027622A /* tentacleTests.m */,
				53FC6E4E1AC39FFF0027622A /* Supporting Files */,
			);
			path = tentacleTests;
			sourceTree = "<group>";
		};
		53FC6E4E1AC39FFF0027622A /* Supporting Files */ = {
			isa = PBXGroup;
			children = (
				53FC6E4F1AC39FFF0027622A /* Info.plist */,
			);
			name = "Supporting Files";
			sourceTree = "<group>";
		};
		8F00A1DD6B6C34669DF8006F /* Pods */ = {
			isa = PBXGroup;
			children = (
				B38EA1EDAF63E00FE2BDE930 /* Pods.debug.xcconfig */,
				9DF9D8DACA8907865183BBE6 /* Pods.release.xcconfig */,
			);
			name = Pods;
			sourceTree = "<group>";
		};
/* End PBXGroup section */

/* Begin PBXNativeTarget section */
		53FC6E301AC39FFF0027622A /* tentacle */ = {
			isa = PBXNativeTarget;
			buildConfigurationList = 53FC6E541AC39FFF0027622A /* Build configuration list for PBXNativeTarget "tentacle" */;
			buildPhases = (
				7864E5CEE8291D9A8D5CA625 /* Check Pods Manifest.lock */,
				53FC6E2D1AC39FFF0027622A /* Sources */,
				53FC6E2E1AC39FFF0027622A /* Frameworks */,
				53FC6E2F1AC39FFF0027622A /* Resources */,
				C70CCA85CA5D98754885661E /* Copy Pods Resources */,
			);
			buildRules = (
			);
			dependencies = (
			);
			name = tentacle;
			productName = tentacle;
			productReference = 53FC6E311AC39FFF0027622A /* tentacle.app */;
			productType = "com.apple.product-type.application";
		};
		53FC6E491AC39FFF0027622A /* tentacleTests */ = {
			isa = PBXNativeTarget;
			buildConfigurationList = 53FC6E571AC39FFF0027622A /* Build configuration list for PBXNativeTarget "tentacleTests" */;
			buildPhases = (
				AE5E87C801D1D3DF6A0A0A53 /* Check Pods Manifest.lock */,
				53FC6E461AC39FFF0027622A /* Sources */,
				53FC6E471AC39FFF0027622A /* Frameworks */,
				53FC6E481AC39FFF0027622A /* Resources */,
				CF71C92AA79643F866F6AE4A /* Copy Pods Resources */,
			);
			buildRules = (
			);
			dependencies = (
				53FC6E4C1AC39FFF0027622A /* PBXTargetDependency */,
			);
			name = tentacleTests;
			productName = tentacleTests;
			productReference = 53FC6E4A1AC39FFF0027622A /* tentacleTests.xctest */;
			productType = "com.apple.product-type.bundle.unit-test";
		};
/* End PBXNativeTarget section */

/* Begin PBXProject section */
		53FC6E291AC39FFF0027622A /* Project object */ = {
			isa = PBXProject;
			attributes = {
				CLASSPREFIX = TT;
				LastUpgradeCheck = 0620;
				ORGANIZATIONNAME = SF;
				TargetAttributes = {
					53FC6E301AC39FFF0027622A = {
						CreatedOnToolsVersion = 6.2;
					};
					53FC6E491AC39FFF0027622A = {
						CreatedOnToolsVersion = 6.2;
						TestTargetID = 53FC6E301AC39FFF0027622A;
					};
				};
			};
			buildConfigurationList = 53FC6E2C1AC39FFF0027622A /* Build configuration list for PBXProject "tentacle" */;
			compatibilityVersion = "Xcode 3.2";
			developmentRegion = English;
			hasScannedForEncodings = 0;
			knownRegions = (
				en,
				Base,
			);
			mainGroup = 53FC6E281AC39FFF0027622A;
			productRefGroup = 53FC6E321AC39FFF0027622A /* Products */;
			projectDirPath = "";
			projectRoot = "";
			targets = (
				53FC6E301AC39FFF0027622A /* tentacle */,
				53FC6E491AC39FFF0027622A /* tentacleTests */,
			);
		};
/* End PBXProject section */

/* Begin PBXResourcesBuildPhase section */
		53FC6E2F1AC39FFF0027622A /* Resources */ = {
			isa = PBXResourcesBuildPhase;
			buildActionMask = 2147483647;
			files = (
				539B4E841AC3F1060042F6C4 /* page_map.plist in Resources */,
				53CAACEF1AC67C230012742A /* icon_visible_password_normal@2x.png in Resources */,
				53CAACF91AC68C1C0012742A /* nav_back@2x.png in Resources */,
				53CAACF01AC67C230012742A /* icon_visible_password_selected@2x.png in Resources */,
				53FC6E421AC39FFF0027622A /* Images.xcassets in Resources */,
			);
			runOnlyForDeploymentPostprocessing = 0;
		};
		53FC6E481AC39FFF0027622A /* Resources */ = {
			isa = PBXResourcesBuildPhase;
			buildActionMask = 2147483647;
			files = (
			);
			runOnlyForDeploymentPostprocessing = 0;
		};
/* End PBXResourcesBuildPhase section */

/* Begin PBXShellScriptBuildPhase section */
		7864E5CEE8291D9A8D5CA625 /* Check Pods Manifest.lock */ = {
			isa = PBXShellScriptBuildPhase;
			buildActionMask = 2147483647;
			files = (
			);
			inputPaths = (
			);
			name = "Check Pods Manifest.lock";
			outputPaths = (
			);
			runOnlyForDeploymentPostprocessing = 0;
			shellPath = /bin/sh;
			shellScript = "diff \"${PODS_ROOT}/../Podfile.lock\" \"${PODS_ROOT}/Manifest.lock\" > /dev/null\nif [[ $? != 0 ]] ; then\n    cat << EOM\nerror: The sandbox is not in sync with the Podfile.lock. Run 'pod install' or update your CocoaPods installation.\nEOM\n    exit 1\nfi\n";
			showEnvVarsInLog = 0;
		};
		AE5E87C801D1D3DF6A0A0A53 /* Check Pods Manifest.lock */ = {
			isa = PBXShellScriptBuildPhase;
			buildActionMask = 2147483647;
			files = (
			);
			inputPaths = (
			);
			name = "Check Pods Manifest.lock";
			outputPaths = (
			);
			runOnlyForDeploymentPostprocessing = 0;
			shellPath = /bin/sh;
			shellScript = "diff \"${PODS_ROOT}/../Podfile.lock\" \"${PODS_ROOT}/Manifest.lock\" > /dev/null\nif [[ $? != 0 ]] ; then\n    cat << EOM\nerror: The sandbox is not in sync with the Podfile.lock. Run 'pod install' or update your CocoaPods installation.\nEOM\n    exit 1\nfi\n";
			showEnvVarsInLog = 0;
		};
		C70CCA85CA5D98754885661E /* Copy Pods Resources */ = {
			isa = PBXShellScriptBuildPhase;
			buildActionMask = 2147483647;
			files = (
			);
			inputPaths = (
			);
			name = "Copy Pods Resources";
			outputPaths = (
			);
			runOnlyForDeploymentPostprocessing = 0;
			shellPath = /bin/sh;
			shellScript = "\"${SRCROOT}/Pods/Target Support Files/Pods/Pods-resources.sh\"\n";
			showEnvVarsInLog = 0;
		};
		CF71C92AA79643F866F6AE4A /* Copy Pods Resources */ = {
			isa = PBXShellScriptBuildPhase;
			buildActionMask = 2147483647;
			files = (
			);
			inputPaths = (
			);
			name = "Copy Pods Resources";
			outputPaths = (
			);
			runOnlyForDeploymentPostprocessing = 0;
			shellPath = /bin/sh;
			shellScript = "\"${SRCROOT}/Pods/Target Support Files/Pods/Pods-resources.sh\"\n";
			showEnvVarsInLog = 0;
		};
/* End PBXShellScriptBuildPhase section */

/* Begin PBXSourcesBuildPhase section */
		53FC6E2D1AC39FFF0027622A /* Sources */ = {
			isa = PBXSourcesBuildPhase;
			buildActionMask = 2147483647;
			files = (
				539B4FC91AC416CA0042F6C4 /* TTPersonViewController.m in Sources */,
				53CAAC5B1AC5A4970012742A /* UIFont+TTUIDIC.m in Sources */,
				53CAACE71AC65A6B0012742A /* TTWindow.m in Sources */,
				539B4FB61AC414490042F6C4 /* TTSessionViewController.m in Sources */,
				539B4FC61AC4153F0042F6C4 /* TTHomeViewController.m in Sources */,
				53CAAC511AC58CC10012742A /* UIImageView+TTUIDIC.m in Sources */,
				53CAACF71AC689550012742A /* UIViewController+TTUtil.m in Sources */,
				53CAACF31AC67C510012742A /* UIButton+TTUIDIC.m in Sources */,
				539B4FB01AC414170042F6C4 /* TTSettingNavigationController.m in Sources */,
				53CAAC581AC59F090012742A /* TTSectionCell.m in Sources */,
				539B4FB91AC4146C0042F6C4 /* TTFriendViewController.m in Sources */,
				53CAAC621AC5AE3D0012742A /* TTSettingCell.m in Sources */,
				539B4FAC1AC413DD0042F6C4 /* TTSignNavigationController.m in Sources */,
				53CAAC4E1AC585C90012742A /* UIColor+TTUIDIC.m in Sources */,
				53CAAC4A1AC584700012742A /* TTCell.m in Sources */,
				539B4FA91AC413870042F6C4 /* TTSignViewController.m in Sources */,
				53CAAC5E1AC5A6FD0012742A /* TTLabel.m in Sources */,
				539B4FD11AC418BC0042F6C4 /* TTUserCenter.m in Sources */,
				53CAACEA1AC664500012742A /* UITextField+TTUIDIC.m in Sources */,
				53FC6E3A1AC39FFF0027622A /* AppDelegate.m in Sources */,
				53CAAC541AC58D440012742A /* UIScreen+TTUIDIC.m in Sources */,
				539B4FC21AC414B00042F6C4 /* TTSessionNavigationController.m in Sources */,
				53FC6E371AC39FFF0027622A /* main.m in Sources */,
				539B4FB31AC414350042F6C4 /* TTSettingViewController.m in Sources */,
				539B4FBC1AC414790042F6C4 /* TTChatViewController.m in Sources */,
				539B4FD71AC4441F0042F6C4 /* SSNRouter+Category.m in Sources */,
				53CAAC441AC57F880012742A /* TTURLDispatcher.m in Sources */,
				539B4FBF1AC414980042F6C4 /* TTFriendNavigationController.m in Sources */,
			);
			runOnlyForDeploymentPostprocessing = 0;
		};
		53FC6E461AC39FFF0027622A /* Sources */ = {
			isa = PBXSourcesBuildPhase;
			buildActionMask = 2147483647;
			files = (
				53FC6E511AC39FFF0027622A /* tentacleTests.m in Sources */,
			);
			runOnlyForDeploymentPostprocessing = 0;
		};
/* End PBXSourcesBuildPhase section */

/* Begin PBXTargetDependency section */
		53FC6E4C1AC39FFF0027622A /* PBXTargetDependency */ = {
			isa = PBXTargetDependency;
			target = 53FC6E301AC39FFF0027622A /* tentacle */;
			targetProxy = 53FC6E4B1AC39FFF0027622A /* PBXContainerItemProxy */;
		};
/* End PBXTargetDependency section */

/* Begin XCBuildConfiguration section */
		53FC6E521AC39FFF0027622A /* Debug */ = {
			isa = XCBuildConfiguration;
			buildSettings = {
				ALWAYS_SEARCH_USER_PATHS = NO;
				CLANG_CXX_LANGUAGE_STANDARD = "gnu++0x";
				CLANG_CXX_LIBRARY = "libc++";
				CLANG_ENABLE_MODULES = YES;
				CLANG_ENABLE_OBJC_ARC = YES;
				CLANG_WARN_BOOL_CONVERSION = YES;
				CLANG_WARN_CONSTANT_CONVERSION = YES;
				CLANG_WARN_DIRECT_OBJC_ISA_USAGE = YES_ERROR;
				CLANG_WARN_EMPTY_BODY = YES;
				CLANG_WARN_ENUM_CONVERSION = YES;
				CLANG_WARN_INT_CONVERSION = YES;
				CLANG_WARN_OBJC_ROOT_CLASS = YES_ERROR;
				CLANG_WARN_UNREACHABLE_CODE = YES;
				CLANG_WARN__DUPLICATE_METHOD_MATCH = YES;
				"CODE_SIGN_IDENTITY[sdk=iphoneos*]" = "iPhone Developer";
				COPY_PHASE_STRIP = NO;
				ENABLE_STRICT_OBJC_MSGSEND = YES;
				GCC_C_LANGUAGE_STANDARD = gnu99;
				GCC_DYNAMIC_NO_PIC = NO;
				GCC_OPTIMIZATION_LEVEL = 0;
				GCC_PREPROCESSOR_DEFINITIONS = (
					"DEBUG=1",
					"$(inherited)",
				);
				GCC_SYMBOLS_PRIVATE_EXTERN = NO;
				GCC_WARN_64_TO_32_BIT_CONVERSION = YES;
				GCC_WARN_ABOUT_RETURN_TYPE = YES_ERROR;
				GCC_WARN_UNDECLARED_SELECTOR = YES;
				GCC_WARN_UNINITIALIZED_AUTOS = YES_AGGRESSIVE;
				GCC_WARN_UNUSED_FUNCTION = YES;
				GCC_WARN_UNUSED_VARIABLE = YES;
				IPHONEOS_DEPLOYMENT_TARGET = 8.2;
				MTL_ENABLE_DEBUG_INFO = YES;
				ONLY_ACTIVE_ARCH = YES;
				SDKROOT = iphoneos;
			};
			name = Debug;
		};
		53FC6E531AC39FFF0027622A /* Release */ = {
			isa = XCBuildConfiguration;
			buildSettings = {
				ALWAYS_SEARCH_USER_PATHS = NO;
				CLANG_CXX_LANGUAGE_STANDARD = "gnu++0x";
				CLANG_CXX_LIBRARY = "libc++";
				CLANG_ENABLE_MODULES = YES;
				CLANG_ENABLE_OBJC_ARC = YES;
				CLANG_WARN_BOOL_CONVERSION = YES;
				CLANG_WARN_CONSTANT_CONVERSION = YES;
				CLANG_WARN_DIRECT_OBJC_ISA_USAGE = YES_ERROR;
				CLANG_WARN_EMPTY_BODY = YES;
				CLANG_WARN_ENUM_CONVERSION = YES;
				CLANG_WARN_INT_CONVERSION = YES;
				CLANG_WARN_OBJC_ROOT_CLASS = YES_ERROR;
				CLANG_WARN_UNREACHABLE_CODE = YES;
				CLANG_WARN__DUPLICATE_METHOD_MATCH = YES;
				"CODE_SIGN_IDENTITY[sdk=iphoneos*]" = "iPhone Developer";
				COPY_PHASE_STRIP = NO;
				ENABLE_NS_ASSERTIONS = NO;
				ENABLE_STRICT_OBJC_MSGSEND = YES;
				GCC_C_LANGUAGE_STANDARD = gnu99;
				GCC_WARN_64_TO_32_BIT_CONVERSION = YES;
				GCC_WARN_ABOUT_RETURN_TYPE = YES_ERROR;
				GCC_WARN_UNDECLARED_SELECTOR = YES;
				GCC_WARN_UNINITIALIZED_AUTOS = YES_AGGRESSIVE;
				GCC_WARN_UNUSED_FUNCTION = YES;
				GCC_WARN_UNUSED_VARIABLE = YES;
				IPHONEOS_DEPLOYMENT_TARGET = 8.2;
				MTL_ENABLE_DEBUG_INFO = NO;
				SDKROOT = iphoneos;
				VALIDATE_PRODUCT = YES;
			};
			name = Release;
		};
		53FC6E551AC39FFF0027622A /* Debug */ = {
			isa = XCBuildConfiguration;
			baseConfigurationReference = B38EA1EDAF63E00FE2BDE930 /* Pods.debug.xcconfig */;
			buildSettings = {
				ASSETCATALOG_COMPILER_APPICON_NAME = AppIcon;
				ASSETCATALOG_COMPILER_LAUNCHIMAGE_NAME = LaunchImage;
				GCC_PRECOMPILE_PREFIX_HEADER = YES;
				GCC_PREFIX_HEADER = "tentacle/tentacle-Prefix.pch";
				INFOPLIST_FILE = tentacle/Info.plist;
				LD_RUNPATH_SEARCH_PATHS = "$(inherited) @executable_path/Frameworks";
				PRODUCT_NAME = "$(TARGET_NAME)";
			};
			name = Debug;
		};
		53FC6E561AC39FFF0027622A /* Release */ = {
			isa = XCBuildConfiguration;
			baseConfigurationReference = 9DF9D8DACA8907865183BBE6 /* Pods.release.xcconfig */;
			buildSettings = {
				ASSETCATALOG_COMPILER_APPICON_NAME = AppIcon;
				ASSETCATALOG_COMPILER_LAUNCHIMAGE_NAME = LaunchImage;
				GCC_PRECOMPILE_PREFIX_HEADER = YES;
				GCC_PREFIX_HEADER = "tentacle/tentacle-Prefix.pch";
				INFOPLIST_FILE = tentacle/Info.plist;
				LD_RUNPATH_SEARCH_PATHS = "$(inherited) @executable_path/Frameworks";
				PRODUCT_NAME = "$(TARGET_NAME)";
			};
			name = Release;
		};
		53FC6E581AC39FFF0027622A /* Debug */ = {
			isa = XCBuildConfiguration;
			baseConfigurationReference = B38EA1EDAF63E00FE2BDE930 /* Pods.debug.xcconfig */;
			buildSettings = {
				BUNDLE_LOADER = "$(TEST_HOST)";
				FRAMEWORK_SEARCH_PATHS = (
					"$(SDKROOT)/Developer/Library/Frameworks",
					"$(inherited)",
				);
				GCC_PREPROCESSOR_DEFINITIONS = (
					"DEBUG=1",
					"$(inherited)",
				);
				INFOPLIST_FILE = tentacleTests/Info.plist;
				LD_RUNPATH_SEARCH_PATHS = "$(inherited) @executable_path/Frameworks @loader_path/Frameworks";
				PRODUCT_NAME = "$(TARGET_NAME)";
				TEST_HOST = "$(BUILT_PRODUCTS_DIR)/tentacle.app/tentacle";
			};
			name = Debug;
		};
		53FC6E591AC39FFF0027622A /* Release */ = {
			isa = XCBuildConfiguration;
			baseConfigurationReference = 9DF9D8DACA8907865183BBE6 /* Pods.release.xcconfig */;
			buildSettings = {
				BUNDLE_LOADER = "$(TEST_HOST)";
				FRAMEWORK_SEARCH_PATHS = (
					"$(SDKROOT)/Developer/Library/Frameworks",
					"$(inherited)",
				);
				INFOPLIST_FILE = tentacleTests/Info.plist;
				LD_RUNPATH_SEARCH_PATHS = "$(inherited) @executable_path/Frameworks @loader_path/Frameworks";
				PRODUCT_NAME = "$(TARGET_NAME)";
				TEST_HOST = "$(BUILT_PRODUCTS_DIR)/tentacle.app/tentacle";
			};
			name = Release;
		};
/* End XCBuildConfiguration section */

/* Begin XCConfigurationList section */
		53FC6E2C1AC39FFF0027622A /* Build configuration list for PBXProject "tentacle" */ = {
			isa = XCConfigurationList;
			buildConfigurations = (
				53FC6E521AC39FFF0027622A /* Debug */,
				53FC6E531AC39FFF0027622A /* Release */,
			);
			defaultConfigurationIsVisible = 0;
			defaultConfigurationName = Release;
		};
		53FC6E541AC39FFF0027622A /* Build configuration list for PBXNativeTarget "tentacle" */ = {
			isa = XCConfigurationList;
			buildConfigurations = (
				53FC6E551AC39FFF0027622A /* Debug */,
				53FC6E561AC39FFF0027622A /* Release */,
			);
			defaultConfigurationIsVisible = 0;
			defaultConfigurationName = Release;
		};
		53FC6E571AC39FFF0027622A /* Build configuration list for PBXNativeTarget "tentacleTests" */ = {
			isa = XCConfigurationList;
			buildConfigurations = (
				53FC6E581AC39FFF0027622A /* Debug */,
				53FC6E591AC39FFF0027622A /* Release */,
			);
			defaultConfigurationIsVisible = 0;
			defaultConfigurationName = Release;
		};
/* End XCConfigurationList section */
	};
	rootObject = 53FC6E291AC39FFF0027622A /* Project object */;
}
